
Microsoft Visual Studio Solution File, Format Version 12.00
# Visual Studio 15
VisualStudioVersion = 15.0.27428.2043
MinimumVisualStudioVersion = 10.0.40219.1
Project("{8BC9CEB8-8B4A-11D0-8D11-00A0C91BC942}") = "ADS_ND3", "ADS_ND3\ADS_ND3.vcxproj", "{1756E2A4-81D7-4694-88B2-FE1883E7F0CA}"
EndProject
Global
	GlobalSection(SolutionConfigurationPlatforms) = preSolution
		Debug|x64 = Debug|x64
		Debug|x86 = Debug|x86
		Release|x64 = Release|x64
		Release|x86 = Release|x86
	EndGlobalSection
	GlobalSection(ProjectConfigurationPlatforms) = postSolution
		{1756E2A4-81D7-4694-88B2-FE1883E7F0CA}.Debug|x64.ActiveCfg = Debug|x64
		{1756E2A4-81D7-4694-88B2-FE1883E7F0CA}.Debug|x64.Build.0 = Debug|x64
		{1756E2A4-81D7-4694-88B2-FE1883E7F0CA}.Debug|x86.ActiveCfg = Debug|Win32
		{1756E2A4-81D7-4694-88B2-FE1883E7F0CA}.Debug|x86.Build.0 = Debug|Win32
		{1756E2A4-81D7-4694-88B2-FE1883E7F0CA}.Release|x64.ActiveCfg = Release|x64
		{1756E2A4-81D7-4694-88B2-FE1883E7F0CA}.Release|x64.Build.0 = Release|x64
		{1756E2A4-81D7-4694-88B2-FE1883E7F0CA}.Release|x86.ActiveCfg = Release|Win32
		{1756E2A4-81D7-4694-88B2-FE1883E7F0CA}.Release|x86.Build.0 = Release|Win32
	EndGlobalSection
	GlobalSection(SolutionProperties) = preSolution
		HideSolutionNode = FALSE
	EndGlobalSection
	GlobalSection(ExtensibilityGlobals) = postSolution
		SolutionGuid = {AD8DCBD0-26CE-4B9C-AA37-700962A75EA3}
	EndGlobalSection
EndGlobal
